lockfileVersion: '9.0'

settings:
  autoInstallPeers: true
  excludeLinksFromLockfile: false

importers:

  .:
    dependencies:
      '@capacitor/app':
        specifier: ^8.1.0
        version: 8.1.0(@capacitor/core@8.4.0)
      '@capacitor/core':
        specifier: ^8.4.0
        version: 8.4.0
      '@capacitor/haptics':
        specifier: ^8.0.2
        version: 8.0.2(@capacitor/core@8.4.0)
      '@capacitor/splash-screen':
        specifier: ^8.0.1
        version: 8.0.1(@capacitor/core@8.4.0)
      '@capacitor/status-bar':
        specifier: ^8.0.2
        version: 8.0.2(@capacitor/core@8.4.0)
      '@clerk/nextjs':
        specifier: ^7.4.1
        version: 7.4.3(next@15.5.19(react-dom@19.2.7(react@19.2.7))(react@19.2.7))(react-dom@19.2.7(react@19.2.7))(react@19.2.7)
      '@clerk/themes':
        specifier: ^2.4.57
        version: 2.4.57(react-dom@19.2.7(react@19.2.7))(react@19.2.7)
      '@supabase/supabase-js':
        specifier: ^2.45.0
        version: 2.108.0
      bcryptjs:
        specifier: ^3.0.3
        version: 3.0.3
      leaflet:
        specifier: ^1.9.4
        version: 1.9.4
      leaflet.markercluster:
        specifier: ^1.5.3
        version: 1.5.3(leaflet@1.9.4)
      next:
        specifier: ^15.0.2
        version: 15.5.19(react-dom@19.2.7(react@19.2.7))(react@19.2.7)
      react:
        specifier: ^19.0.0
        version: 19.2.7
      react-dom:
        specifier: ^19.0.0
        version: 19.2.7(react@19.2.7)
      react-leaflet-cluster:
        specifier: ^4.1.3
        version: 4.1.3(@react-leaflet/core@3.0.0(leaflet@1.9.4)(react-dom@19.2.7(react@19.2.7))(react@19.2.7))(leaflet@1.9.4)(react-dom@19.2.7(react@19.2.7))(react-leaflet@5.0.0(leaflet@1.9.4)(react-dom@19.2.7(react@19.2.7))(react@19.2.7))(react@19.2.7)
      stripe:
        specifier: ^22.1.1
        version: 22.2.0(@types/node@22.19.20)
    devDependencies:
      '@types/leaflet':
        specifier: ^1.9.21
        version: 1.9.21
      '@types/leaflet.markercluster':
        specifier: ^1.5.6
        version: 1.5.6
      '@types/node':
        specifier: ^22.0.0
        version: 22.19.20
      '@types/react':
        specifier: ^19.0.0
        version: 19.2.17
      '@types/react-dom':
        specifier: ^19.0.0
        version: 19.2.3(@types/react@19.2.17)
      autoprefixer:
        specifier: ^10.4.0
        version: 10.5.0(postcss@8.5.15)
      cheerio:
        specifier: ^1.2.0
        version: 1.2.0
      pg:
        specifier: ^8.21.0
        version: 8.21.0
      postcss:
        specifier: ^8.4.0
        version: 8.5.15
      tailwindcss:
        specifier: ^4.0.0
        version: 4.3.0
      typescript:
        specifier: ^5.7.0
        version: 5.9.3

packages:

  '@capacitor/app@8.1.0':
    resolution: {integrity: sha512-MlmttTOWHDedr/G4SrhNRxsXMqY+R75S4MM4eIgzsgCzOYhb/MpCkA5Q3nuOCfL1oHm26xjUzqZ5aupbOwdfYg==}
    peerDependencies:
      '@capacitor/core': '>=8.0.0'

  '@capacitor/core@8.4.0':
    resolution: {integrity: sha512-LrS1xPIrqLtJABBIPDGXxxKmI9OyesrzWw8DiHbxhSC9JoiLUleUAJlX1a0LWIVLRbuY4Szgf9huFeRqYH2SAQ==}

  '@capacitor/haptics@8.0.2':
    resolution: {integrity: sha512-c2hZzRR5Fk1tbTvhG1jhh2XBAf3EhnIerMIb2sl7Mt41Gxx1fhBJFDa0/BI1IbY4loVepyyuqNC9820/GZuoWQ==}
    peerDependencies:
      '@capacitor/core': '>=8.0.0'

  '@capacitor/splash-screen@8.0.1':
    resolution: {integrity: sha512-c/ew/Z3eA7z8l06WoRAtzVF16VwYYrExmHmfGq1Cg675pVzaC/yuucB8/1xG1vhEfnW4fZ1KhSf/kzR1RiVYgg==}
    peerDependencies:
      '@capacitor/core': '>=8.0.0'

  '@capacitor/status-bar@8.0.2':
    resolution: {integrity: sha512-WXs8YB8B9eEaPZz+bcdY6t2nForF1FLoj/JU0Dl9RRgQnddnS98FEEyDooQhaY7wivr000j4+SC1FyeJkrFO7A==}
    peerDependencies:
      '@capacitor/core': '>=8.0.0'

  '@clerk/backend@3.5.0':
    resolution: {integrity: sha512-g1bjzqj7/mb6rnrQ5zr+ybjpilTIWADaCoHE1HnEAjQfbcdfn3gb9PPX0wJ1KWw8OOQEQYSjzXPzvofEB1j+ww==}
    engines: {node: '>=20.9.0'}

  '@clerk/nextjs@7.4.3':
    resolution: {integrity: sha512-mKzR98LuadqoiREawdnQkE6jcmwEMgS4BHBwvhPbel3SpmmCXv7ed5c/yJ1PJeehx6QMsAWmWaAC+gnsZVg2Jw==}
    engines: {node: '>=20.9.0'}
    peerDependencies:
      next: ^15.2.8 || ^15.3.8 || ^15.4.10 || ^15.5.9 || ^15.6.0-0 || ^16.0.10 || ^16.1.0-0
      react: ^18.0.0 || ~19.0.3 || ~19.1.4 || ~19.2.3 || ~19.3.0-0
      react-dom: ^18.0.0 || ~19.0.3 || ~19.1.4 || ~19.2.3 || ~19.3.0-0

  '@clerk/react@6.7.3':
    resolution: {integrity: sha512-xdml8bFXbOQ/Egyp7iI1f0ksLjw5nYu2Db+mttHpJzet7PRXQ3jBEEc2c0AYhOJvIYxJifHGBsf75NM8SwlOag==}
    engines: {node: '>=20.9.0'}
    peerDependencies:
      react: ^18.0.0 || ~19.0.3 || ~19.1.4 || ~19.2.3 || ~19.3.0-0
      react-dom: ^18.0.0 || ~19.0.3 || ~19.1.4 || ~19.2.3 || ~19.3.0-0

  '@clerk/shared@3.47.7':
    resolution: {integrity: sha512-9Yv4MJFEaC7BzV0whxa4txQ4SoMu/3j1LBnI85EBykb5CcfXxIKvNX/9sjMUUySHlTOjsj7XZa5i3W5Dx02K/Q==}
    engines: {node: '>=18.17.0'}
    peerDependencies:
      react: ^18.0.0 || ~19.0.3 || ~19.1.4 || ~19.2.3 || ~19.3.0-0
      react-dom: ^18.0.0 || ~19.0.3 || ~19.1.4 || ~19.2.3 || ~19.3.0-0
    peerDependenciesMeta:
      react:
        optional: true
      react-dom:
        optional: true

  '@clerk/shared@4.15.0':
    resolution: {integrity: sha512-uX8nfLb69m8mA6KWKWfuPSwoVNDRyUdufeCeTEZsdZxbRUsEYT/c0KWFN28IOQCtK09tpVtzrUHvW44v5Dc5OA==}
    engines: {node: '>=20.9.0'}
    peerDependencies:
      react: ^18.0.0 || ~19.0.3 || ~19.1.4 || ~19.2.3 || ~19.3.0-0
      react-dom: ^18.0.0 || ~19.0.3 || ~19.1.4 || ~19.2.3 || ~19.3.0-0
    peerDependenciesMeta:
      react:
        optional: true
      react-dom:
        optional: true

  '@clerk/themes@2.4.57':
    resolution: {integrity: sha512-Nb3bO79rMTU/MPVTC/dde6LG27/IgOMKIYi5KSvAmO4ZUHlj0OWufu6CMvz5OYVZ0YdyMnTBU2aPGRUiRzO+2w==}
    engines: {node: '>=18.17.0'}

  '@emnapi/runtime@1.11.0':
    resolution: {integrity: sha512-55coeOFKHv1ywEcUXJtWU5f+Jr/W5tZDvZig8DLKSwUN1JpROQ4rk/SNOQiFWmaR/VKF4zuFyW1B8JduOSv6Pg==}

  '@img/colour@1.1.0':
    resolution: {integrity: sha512-Td76q7j57o/tLVdgS746cYARfSyxk8iEfRxewL9h4OMzYhbW4TAcppl0mT4eyqXddh6L/jwoM75mo7ixa/pCeQ==}
    engines: {node: '>=18'}

  '@img/sharp-darwin-arm64@0.34.5':
    resolution: {integrity: sha512-imtQ3WMJXbMY4fxb/Ndp6HBTNVtWCUI0WdobyheGf5+ad6xX8VIDO8u2xE4qc/fr08CKG/7dDseFtn6M6g/r3w==}
    engines: {node: ^18.17.0 || ^20.3.0 || >=21.0.0}
    cpu: [arm64]
    os: [darwin]

  '@img/sharp-darwin-x64@0.34.5':
    resolution: {integrity: sha512-YNEFAF/4KQ/PeW0N+r+aVVsoIY0/qxxikF2SWdp+NRkmMB7y9LBZAVqQ4yhGCm/H3H270OSykqmQMKLBhBJDEw==}
    engines: {node: ^18.17.0 || ^20.3.0 || >=21.0.0}
    cpu: [x64]
    os: [darwin]

  '@img/sharp-libvips-darwin-arm64@1.2.4':
    resolution: {integrity: sha512-zqjjo7RatFfFoP0MkQ51jfuFZBnVE2pRiaydKJ1G/rHZvnsrHAOcQALIi9sA5co5xenQdTugCvtb1cuf78Vf4g==}
    cpu: [arm64]
    os: [darwin]

  '@img/sharp-libvips-darwin-x64@1.2.4':
    resolution: {integrity: sha512-1IOd5xfVhlGwX+zXv2N93k0yMONvUlANylbJw1eTah8K/Jtpi15KC+WSiaX/nBmbm2HxRM1gZ0nSdjSsrZbGKg==}
    cpu: [x64]
    os: [darwin]

  '@img/sharp-libvips-linux-arm64@1.2.4':
    resolution: {integrity: sha512-excjX8DfsIcJ10x1Kzr4RcWe1edC9PquDRRPx3YVCvQv+U5p7Yin2s32ftzikXojb1PIFc/9Mt28/y+iRklkrw==}
    cpu: [arm64]
    os: [linux]
    libc: [glibc]

  '@img/sharp-libvips-linux-arm@1.2.4':
    resolution: {integrity: sha512-bFI7xcKFELdiNCVov8e44Ia4u2byA+l3XtsAj+Q8tfCwO6BQ8iDojYdvoPMqsKDkuoOo+X6HZA0s0q11ANMQ8A==}
    cpu: [arm]
    os: [linux]
    libc: [glibc]

  '@img/sharp-libvips-linux-ppc64@1.2.4':
    resolution: {integrity: sha512-FMuvGijLDYG6lW+b/UvyilUWu5Ayu+3r2d1S8notiGCIyYU/76eig1UfMmkZ7vwgOrzKzlQbFSuQfgm7GYUPpA==}
    cpu: [ppc64]
    os: [linux]
    libc: [glibc]

  '@img/sharp-libvips-linux-riscv64@1.2.4':
    resolution: {integrity: sha512-oVDbcR4zUC0ce82teubSm+x6ETixtKZBh/qbREIOcI3cULzDyb18Sr/Wcyx7NRQeQzOiHTNbZFF1UwPS2scyGA==}
    cpu: [riscv64]
    os: [linux]
    libc: [glibc]

  '@img/sharp-libvips-linux-s390x@1.2.4':
    resolution: {integrity: sha512-qmp9VrzgPgMoGZyPvrQHqk02uyjA0/QrTO26Tqk6l4ZV0MPWIW6LTkqOIov+J1yEu7MbFQaDpwdwJKhbJvuRxQ==}
    cpu: [s390x]
    os: [linux]
    libc: [glibc]

  '@img/sharp-libvips-linux-x64@1.2.4':
    resolution: {integrity: sha512-tJxiiLsmHc9Ax1bz3oaOYBURTXGIRDODBqhveVHonrHJ9/+k89qbLl0bcJns+e4t4rvaNBxaEZsFtSfAdquPrw==}
    cpu: [x64]
    os: [linux]
    libc: [glibc]

  '@img/sharp-libvips-linuxmusl-arm64@1.2.4':
    resolution: {integrity: sha512-FVQHuwx1IIuNow9QAbYUzJ+En8KcVm9Lk5+uGUQJHaZmMECZmOlix9HnH7n1TRkXMS0pGxIJokIVB9SuqZGGXw==}
    cpu: [arm64]
    os: [linux]
    libc: [musl]

  '@img/sharp-libvips-linuxmusl-x64@1.2.4':
    resolution: {integrity: sha512-+LpyBk7L44ZIXwz/VYfglaX/okxezESc6UxDSoyo2Ks6Jxc4Y7sGjpgU9s4PMgqgjj1gZCylTieNamqA1MF7Dg==}
    cpu: [x64]
    os: [linux]
    libc: [musl]

  '@img/sharp-linux-arm64@0.34.5':
    resolution: {integrity: sha512-bKQzaJRY/bkPOXyKx5EVup7qkaojECG6NLYswgktOZjaXecSAeCWiZwwiFf3/Y+O1HrauiE3FVsGxFg8c24rZg==}
    engines: {node: ^18.17.0 || ^20.3.0 || >=21.0.0}
    cpu: [arm64]
    os: [linux]
    libc: [glibc]

  '@img/sharp-linux-arm@0.34.5':
    resolution: {integrity: sha512-9dLqsvwtg1uuXBGZKsxem9595+ujv0sJ6Vi8wcTANSFpwV/GONat5eCkzQo/1O6zRIkh0m/8+5BjrRr7jDUSZw==}
    engines: {node: ^18.17.0 || ^20.3.0 || >=21.0.0}
    cpu: [arm]
    os: [linux]
    libc: [glibc]

  '@img/sharp-linux-ppc64@0.34.5':
    resolution: {integrity: sha512-7zznwNaqW6YtsfrGGDA6BRkISKAAE1Jo0QdpNYXNMHu2+0dTrPflTLNkpc8l7MUP5M16ZJcUvysVWWrMefZquA==}
    engines: {node: ^18.17.0 || ^20.3.0 || >=21.0.0}
    cpu: [ppc64]
    os: [linux]
    libc: [glibc]

  '@img/sharp-linux-riscv64@0.34.5':
    resolution: {integrity: sha512-51gJuLPTKa7piYPaVs8GmByo7/U7/7TZOq+cnXJIHZKavIRHAP77e3N2HEl3dgiqdD/w0yUfiJnII77PuDDFdw==}
    engines: {node: ^18.17.0 || ^20.3.0 || >=21.0.0}
    cpu: [riscv64]
    os: [linux]
    libc: [glibc]

  '@img/sharp-linux-s390x@0.34.5':
    resolution: {integrity: sha512-nQtCk0PdKfho3eC5MrbQoigJ2gd1CgddUMkabUj+rBevs8tZ2cULOx46E7oyX+04WGfABgIwmMC0VqieTiR4jg==}
    engines: {node: ^18.17.0 || ^20.3.0 || >=21.0.0}
    cpu: [s390x]
    os: [linux]
    libc: [glibc]

  '@img/sharp-linux-x64@0.34.5':
    resolution: {integrity: sha512-MEzd8HPKxVxVenwAa+JRPwEC7QFjoPWuS5NZnBt6B3pu7EG2Ge0id1oLHZpPJdn3OQK+BQDiw9zStiHBTJQQQQ==}
    engines: {node: ^18.17.0 || ^20.3.0 || >=21.0.0}
    cpu: [x64]
    os: [linux]
    libc: [glibc]

  '@img/sharp-linuxmusl-arm64@0.34.5':
    resolution: {integrity: sha512-fprJR6GtRsMt6Kyfq44IsChVZeGN97gTD331weR1ex1c1rypDEABN6Tm2xa1wE6lYb5DdEnk03NZPqA7Id21yg==}
    engines: {node: ^18.17.0 || ^20.3.0 || >=21.0.0}
    cpu: [arm64]
    os: [linux]
    libc: [musl]

  '@img/sharp-linuxmusl-x64@0.34.5':
    resolution: {integrity: sha512-Jg8wNT1MUzIvhBFxViqrEhWDGzqymo3sV7z7ZsaWbZNDLXRJZoRGrjulp60YYtV4wfY8VIKcWidjojlLcWrd8Q==}
    engines: {node: ^18.17.0 || ^20.3.0 || >=21.0.0}
    cpu: [x64]
    os: [linux]
    libc: [musl]

  '@img/sharp-wasm32@0.34.5':
    resolution: {integrity: sha512-OdWTEiVkY2PHwqkbBI8frFxQQFekHaSSkUIJkwzclWZe64O1X4UlUjqqqLaPbUpMOQk6FBu/HtlGXNblIs0huw==}
    engines: {node: ^18.17.0 || ^20.3.0 || >=21.0.0}
    cpu: [wasm32]

  '@img/sharp-win32-arm64@0.34.5':
    resolution: {integrity: sha512-WQ3AgWCWYSb2yt+IG8mnC6Jdk9Whs7O0gxphblsLvdhSpSTtmu69ZG1Gkb6NuvxsNACwiPV6cNSZNzt0KPsw7g==}
    engines: {node: ^18.17.0 || ^20.3.0 || >=21.0.0}
    cpu: [arm64]
    os: [win32]

  '@img/sharp-win32-ia32@0.34.5':
    resolution: {integrity: sha512-FV9m/7NmeCmSHDD5j4+4pNI8Cp3aW+JvLoXcTUo0IqyjSfAZJ8dIUmijx1qaJsIiU+Hosw6xM5KijAWRJCSgNg==}
    engines: {node: ^18.17.0 || ^20.3.0 || >=21.0.0}
    cpu: [ia32]
    os: [win32]

  '@img/sharp-win32-x64@0.34.5':
    resolution: {integrity: sha512-+29YMsqY2/9eFEiW93eqWnuLcWcufowXewwSNIT6UwZdUUCrM3oFjMWH/Z6/TMmb4hlFenmfAVbpWeup2jryCw==}
    engines: {node: ^18.17.0 || ^20.3.0 || >=21.0.0}
    cpu: [x64]
    os: [win32]

  '@next/env@15.5.19':
    resolution: {integrity: sha512-sWWluFvcv5v3Fxznmf2ZfjyoVQt/64oCnYqS90inQWGzMPK1VjvekPiz3OPHKmFT30EnHrjlbyaHLt3M0vWabw==}

  '@next/swc-darwin-arm64@15.5.19':
    resolution: {integrity: sha512-jx9wWlTKueHKPvVOndyr7WuaevWCkuYqsQ8gC0TMPKAVWG3MhcdMrjfo9tvIZNXd0QOUYXXvAcZ325y8Uq7uzg==}
    engines: {node: '>= 10'}
    cpu: [arm64]
    os: [darwin]

  '@next/swc-darwin-x64@15.5.19':
    resolution: {integrity: sha512-291KFcsIQ3OenRdiUDFOR6W3wezzH4auENXm1gbm1Bjd4ANMMRgxPrWTUztQN43BnVoVuMnHCrLeECIMwgFKbA==}
    engines: {node: '>= 10'}
    cpu: [x64]
    os: [darwin]

  '@next/swc-linux-arm64-gnu@15.5.19':
    resolution: {integrity: sha512-WeH+nelQyyMeE2f8FxBRZNrGipya5zHZV2vjzfCOAYyiI6am+NbnWAAldOBFQBB2w0DjJcsvrKqoFT2b7+5YoA==}
    engines: {node: '>= 10'}
    cpu: [arm64]
    os: [linux]
    libc: [glibc]

  '@next/swc-linux-arm64-musl@15.5.19':
    resolution: {integrity: sha512-5xTOE0lDlDCSSfp+BAif7j17VRRCjWp//ZPZy6NI0QpdrhxtQnsZguSx0xAAZ0c9XZLrLLwCe/XVe5YPrRilKw==}
    engines: {node: '>= 10'}
    cpu: [arm64]
    os: [linux]
    libc: [musl]

  '@next/swc-linux-x64-gnu@15.5.19':
    resolution: {integrity: sha512-LTxRmMgqqMv05Had879W00Fm53quiJd3Zuz8h1JSNJ3nGSlbZ/7Tjs1tKyScgN3Au3t3MyPsjPlq60fMmSHLsg==}
    engines: {node: '>= 10'}
    cpu: [x64]
    os: [linux]
    libc: [glibc]

  '@next/swc-linux-x64-musl@15.5.19':
    resolution: {integrity: sha512-eoNQSpA5PQfB9wBO4RA47MTDXWz1fizy9Y3Z6e4DetYIF3dvjuu8sj7aIGn/bFCU6lnFzTK34NtCaffP4NsQ7Q==}
    engines: {node: '>= 10'}
    cpu: [x64]
    os: [linux]
    libc: [musl]

  '@next/swc-win32-arm64-msvc@15.5.19':
    resolution: {integrity: sha512-6UNt2dFuCHOe446sm/Kp69nUe8/wIhnh9bm6Xcqw4qEWCOppLMOvhTBVgvM7invVUNr4SPpP6NOQsACtn2IN9Q==}
    engines: {node: '>= 10'}
    cpu: [arm64]
    os: [win32]

  '@next/swc-win32-x64-msvc@15.5.19':
    resolution: {integrity: sha512-PhmojAHyqMne56HBLGu9dhDnHPuFmEjrXSQMM/nW0J6j849lk3ESrVtqNJcCk8CKOV7brpTTbaYAjwKPzKM69w==}
    engines: {node: '>= 10'}
    cpu: [x64]
    os: [win32]

  '@react-leaflet/core@3.0.0':
    resolution: {integrity: sha512-3EWmekh4Nz+pGcr+xjf0KNyYfC3U2JjnkWsh0zcqaexYqmmB5ZhH37kz41JXGmKzpaMZCnPofBBm64i+YrEvGQ==}
    peerDependencies:
      leaflet: ^1.9.0
      react: ^19.0.0
      react-dom: ^19.0.0

  '@stablelib/base64@1.0.1':
    resolution: {integrity: sha512-1bnPQqSxSuc3Ii6MhBysoWCg58j97aUjuCSZrGSmDxNqtytIi0k8utUenAwTZN4V5mXXYGsVUI9zeBqy+jBOSQ==}

  '@supabase/auth-js@2.108.0':
    resolution: {integrity: sha512-0CzVGVqHfNOhRQVEcAmu58Mex2Ce0zL3aGfyV+iFQjTK6OntLK/hLCLr/VDRX0E8/2CdsiY99L7fZ/8ys/op4w==}
    engines: {node: '>=20.0.0'}

  '@supabase/functions-js@2.108.0':
    resolution: {integrity: sha512-lqEGDzT7QBUuKYzi5lHpV/XecXT9wikzcbXMbFo6krNpSDynD1sHM8wcsfB/BAqa4NkFuy3vF4JCV8MeakV8IQ==}
    engines: {node: '>=20.0.0'}

  '@supabase/phoenix@0.4.2':
    resolution: {integrity: sha512-YSAGnmDAfuleFCVt3CeurQZAhxRfXWeZIIkwp7NhYzQ1UwW6ePSnzsFAiUm/mbCkfoCf70QQHKW/K6RKh52a4A==}

  '@supabase/postgrest-js@2.108.0':
    resolution: {integrity: sha512-8AwTkPqowDYv/qh016CyXeZ3Ukpw6NHyfqc7DWV4afLR2hAiapf3zRKV2ZLG+//T1LK84HrR6X8VBwfgHWmNyw==}
    engines: {node: '>=20.0.0'}

  '@supabase/realtime-js@2.108.0':
    resolution: {integrity: sha512-N3xR0u7TNr+c5wuLSU60rcfu/H/8N0WBs7iHWwjI/NxKwY3XWSyLUbpbpU8bzmL0dA/Gk9Mupri8mxKUXBW+iw==}
    engines: {node: '>=20.0.0'}

  '@supabase/storage-js@2.108.0':
    resolution: {integrity: sha512-zMYQmh87CId7d8i/1FIfv4fMDcXPutmIJSpoY58GLXi7M266MNzxWGNabDk4i555Oj1Nqtsu2i3Qo3rpWUXO6A==}
    engines: {node: '>=20.0.0'}

  '@supabase/supabase-js@2.108.0':
    resolution: {integrity: sha512-AjPoimM9MZLZbddnlDBGmpZ/Tas1dNcJvuZy/VD1AfmrjBC8J2RSw6UOqR4ISLLlEioOLca/5t1crFnAxa0wRQ==}
    engines: {node: '>=20.0.0'}

  '@swc/helpers@0.5.15':
    resolution: {integrity: sha512-JQ5TuMi45Owi4/BIMAJBoSQoOJu12oOk/gADqlcUL9JEdHB8vyjUSsxqeNXnmXHjYKMi2WcYtezGEEhqUI/E2g==}

  '@tanstack/query-core@5.101.0':
    resolution: {integrity: sha512-cQetA74EB+seWySv1TTKr828TnP0u39m6LykwDXIo84SNortpDkp30TMEjkqtYCNP9c40uT/iwl6MLiufEt0Ow==}

  '@types/geojson@7946.0.16':
    resolution: {integrity: sha512-6C8nqWur3j98U6+lXDfTUWIfgvZU+EumvpHKcYjujKH7woYyLj2sUmff0tRhrqM7BohUw7Pz3ZB1jj2gW9Fvmg==}

  '@types/leaflet.markercluster@1.5.6':
    resolution: {integrity: sha512-I7hZjO2+isVXGYWzKxBp8PsCzAYCJBc29qBdFpquOCkS7zFDqUsUvkEOyQHedsk/Cy5tocQzf+Ndorm5W9YKTQ==}

  '@types/leaflet@1.9.21':
    resolution: {integrity: sha512-TbAd9DaPGSnzp6QvtYngntMZgcRk+igFELwR2N99XZn7RXUdKgsXMR+28bUO0rPsWp8MIu/f47luLIQuSLYv/w==}

  '@types/node@22.19.20':
    resolution: {integrity: sha512-6tELRwSDYWW9EdZhbeZmYGZ1/7Djkt+Ah3/ScEYT9cDord7UJzasR/4D3VONg9tQI5CDp+/CZC1AXj2pCFOvpw==}

  '@types/react-dom@19.2.3':
    resolution: {integrity: sha512-jp2L/eY6fn+KgVVQAOqYItbF0VY/YApe5Mz2F0aykSO8gx31bYCZyvSeYxCHKvzHG5eZjc+zyaS5BrBWya2+kQ==}
    peerDependencies:
      '@types/react': ^19.2.0

  '@types/react@19.2.17':
    resolution: {integrity: sha512-MXfmqaVPEVgkBT/aY0aGCkRWWtByiYQXo3xdQ8r5RzuFrPiRn8Gar2tQdXSUQ2GKV3bkXckek89V8wQBY2Q/Aw==}

  autoprefixer@10.5.0:
    resolution: {integrity: sha512-FMhOoZV4+qR6aTUALKX2rEqGG+oyATvwBt9IIzVR5rMa2HRWPkxf+P+PAJLD1I/H5/II+HuZcBJYEFBpq39ong==}
    engines: {node: ^10 || ^12 || >=14}
    hasBin: true
    peerDependencies:
      postcss: ^8.1.0

  baseline-browser-mapping@2.10.34:
    resolution: {integrity: sha512-IMDedajPifLnHNY0X9n8hKxRTQ6/eTHwr5bDo04WnuqxyKw6LYtQywCuuqPZwhl3aBXMvQpJov42GLCwRRdQzw==}
    engines: {node: '>=6.0.0'}
    hasBin: true

  bcryptjs@3.0.3:
    resolution: {integrity: sha512-GlF5wPWnSa/X5LKM1o0wz0suXIINz1iHRLvTS+sLyi7XPbe5ycmYI3DlZqVGZZtDgl4DmasFg7gOB3JYbphV5g==}
    hasBin: true

  boolbase@1.0.0:
    resolution: {integrity: sha512-JZOSA7Mo9sNGB8+UjSgzdLtokWAky1zbztM3WRLCbZ70/3cTANmQmOdR7y2g+J0e2WXywy1yS468tY+IruqEww==}

  browserslist@4.28.2:
    resolution: {integrity: sha512-48xSriZYYg+8qXna9kwqjIVzuQxi+KYWp2+5nCYnYKPTr0LvD89Jqk2Or5ogxz0NUMfIjhh2lIUX/LyX9B4oIg==}
    engines: {node: ^6 || ^7 || ^8 || ^9 || ^10 || ^11 || ^12 || >=13.7}
    hasBin: true

  caniuse-lite@1.0.30001797:
    resolution: {integrity: sha512-l8xKG+gwAIExZGl9FrF7KUwuOmk6wbEPC9Xoy/RtnWv1XG0Q4LFlagaLpUv3Kiza3W/wm27zy0yWJEieYKAP6w==}

  cheerio-select@2.1.0:
    resolution: {integrity: sha512-9v9kG0LvzrlcungtnJtpGNxY+fzECQKhK4EGJX2vByejiMX84MFNQw4UxPJl3bFbTMw+Dfs37XaIkCwTZfLh4g==}

  cheerio@1.2.0:
    resolution: {integrity: sha512-WDrybc/gKFpTYQutKIK6UvfcuxijIZfMfXaYm8NMsPQxSYvf+13fXUJ4rztGGbJcBQ/GF55gvrZ0Bc0bj/mqvg==}
    engines: {node: '>=20.18.1'}

  client-only@0.0.1:
    resolution: {integrity: sha512-IV3Ou0jSMzZrd3pZ48nLkT9DA7Ag1pnPzaiQhpW7c3RbcqqzvzzVu+L8gfqMp/8IM2MQtSiqaCxrrcfu8I8rMA==}

  css-select@5.2.2:
    resolution: {integrity: sha512-TizTzUddG/xYLA3NXodFM0fSbNizXjOKhqiQQwvhlspadZokn1KDy0NZFS0wuEubIYAV5/c1/lAr0TaaFXEXzw==}

  css-what@6.2.2:
    resolution: {integrity: sha512-u/O3vwbptzhMs3L1fQE82ZSLHQQfto5gyZzwteVIEyeaY5Fc7R4dapF/BvRoSYFeqfBk4m0V1Vafq5Pjv25wvA==}
    engines: {node: '>= 6'}

  csstype@3.1.3:
    resolution: {integrity: sha512-M1uQkMl8rQK/szD0LNhtqxIPLpimGm8sOBwU7lLnCpSbTyY3yeU1Vc7l4KT5zT4s/yOxHH5O7tIuuLOCnLADRw==}

  csstype@3.2.3:
    resolution: {integrity: sha512-z1HGKcYy2xA8AGQfwrn0PAy+PB7X/GSj3UVJW9qKyn43xWa+gl5nXmU4qqLMRzWVLFC8KusUX8T/0kCiOYpAIQ==}

  dequal@2.0.3:
    resolution: {integrity: sha512-0je+qPKHEMohvfRTCEo3CrPG6cAzAYgmzKyxRiYSSDkS6eGJdyVJm7WaYA5ECaAD9wLB2T4EEeymA5aFVcYXCA==}
    engines: {node: '>=6'}

  detect-libc@2.1.2:
    resolution: {integrity: sha512-Btj2BOOO83o3WyH59e8MgXsxEQVcarkUOpEYrubB0urwnN10yQ364rsiByU11nZlqWYZm05i/of7io4mzihBtQ==}
    engines: {node: '>=8'}

  dom-serializer@2.0.0:
    resolution: {integrity: sha512-wIkAryiqt/nV5EQKqQpo3SToSOV9J0DnbJqwK7Wv/Trc92zIAYZ4FlMu+JPFW1DfGFt81ZTCGgDEabffXeLyJg==}

  domelementtype@2.3.0:
    resolution: {integrity: sha512-OLETBj6w0OsagBwdXnPdN0cnMfF9opN69co+7ZrbfPGrdpPVNBUj02spi6B1N7wChLQiPn4CSH/zJvXw56gmHw==}

  domhandler@5.0.3:
    resolution: {integrity: sha512-cgwlv/1iFQiFnU96XXgROh8xTeetsnJiDsTc7TYCLFd9+/WNkIqPTxiM/8pSd8VIrhXGTf1Ny1q1hquVqDJB5w==}
    engines: {node: '>= 4'}

  domutils@3.2.2:
    resolution: {integrity: sha512-6kZKyUajlDuqlHKVX1w7gyslj9MPIXzIFiz/rGu35uC1wMi+kMhQwGhl4lt9unC9Vb9INnY9Z3/ZA3+FhASLaw==}

  electron-to-chromium@1.5.369:
    resolution: {integrity: sha512-XM22K9FNaaCOvMMrBn1caIc8v0g6+pKt660ZbfQqUZvfil0hEzr8ZoiY7VcSLGM3L/x3rz5PqZrk+bKOOmVM9w==}

  encoding-sniffer@0.2.1:
    resolution: {integrity: sha512-5gvq20T6vfpekVtqrYQsSCFZ1wEg5+wW0/QaZMWkFr6BqD3NfKs0rLCx4rrVlSWJeZb5NBJgVLswK/w2MWU+Gw==}

  entities@4.5.0:
    resolution: {integrity: sha512-V0hjH4dGPh9Ao5p0MoRY6BVqtwCjhz6vI5LT8AJ55H+4g9/4vbHx1I54fS0XuclLhDHArPQCiMjDxjaL8fPxhw==}
    engines: {node: '>=0.12'}

  entities@6.0.1:
    resolution: {integrity: sha512-aN97NXWF6AWBTahfVOIrB/NShkzi5H7F9r1s9mD3cDj4Ko5f2qhhVoYMibXF7GlLveb/D2ioWay8lxI97Ven3g==}
    engines: {node: '>=0.12'}

  entities@7.0.1:
    resolution: {integrity: sha512-TWrgLOFUQTH994YUyl1yT4uyavY5nNB5muff+RtWaqNVCAK408b5ZnnbNAUEWLTCpum9w6arT70i1XdQ4UeOPA==}
    engines: {node: '>=0.12'}

  escalade@3.2.0:
    resolution: {integrity: sha512-WUj2qlxaQtO4g6Pq5c29GTcWGDyd8itL8zTlipgECz3JesAiiOKotd8JU6otB3PACgG6xkJUyVhboMS+bje/jA==}
    engines: {node: '>=6'}

  fast-sha256@1.3.0:
    resolution: {integrity: sha512-n11RGP/lrWEFI/bWdygLxhI+pVeo1ZYIVwvvPkW7azl/rOy+F3HYRZ2K5zeE9mmkhQppyv9sQFx0JM9UabnpPQ==}

  fraction.js@5.3.4:
    resolution: {integrity: sha512-1X1NTtiJphryn/uLQz3whtY6jK3fTqoE3ohKs0tT+Ujr1W59oopxmoEh7Lu5p6vBaPbgoM0bzveAW4Qi5RyWDQ==}

  glob-to-regexp@0.4.1:
    resolution: {integrity: sha512-lkX1HJXwyMcprw/5YUZc2s7DrpAiHB21/V+E1rHUrVNokkvB6bqMzT0VfV6/86ZNabt1k14YOIaT7nDvOX3Iiw==}

  htmlparser2@10.1.0:
    resolution: {integrity: sha512-VTZkM9GWRAtEpveh7MSF6SjjrpNVNNVJfFup7xTY3UpFtm67foy9HDVXneLtFVt4pMz5kZtgNcvCniNFb1hlEQ==}

  iceberg-js@0.8.1:
    resolution: {integrity: sha512-1dhVQZXhcHje7798IVM+xoo/1ZdVfzOMIc8/rgVSijRK38EDqOJoGula9N/8ZI5RD8QTxNQtK/Gozpr+qUqRRA==}
    engines: {node: '>=20.0.0'}

  iconv-lite@0.6.3:
    resolution: {integrity: sha512-4fCk79wshMdzMp2rH06qWrJE4iolqLhCUH+OiuIgU++RB0+94NlDL81atO7GX55uUKueo0txHNtvEyI6D7WdMw==}
    engines: {node: '>=0.10.0'}

  js-cookie@3.0.7:
    resolution: {integrity: sha512-z/wZZgDrkNV1eA0ULjM/F9/50Ya8fbzgKneSpoPsXSGd0KnpdtHfOZWK+GcwLk+EZbS4F9RBhU+K2RgzuDaItw==}
    engines: {node: '>=20'}

  leaflet.markercluster@1.5.3:
    resolution: {integrity: sha512-vPTw/Bndq7eQHjLBVlWpnGeLa3t+3zGiuM7fJwCkiMFq+nmRuG3RI3f7f4N4TDX7T4NpbAXpR2+NTRSEGfCSeA==}
    peerDependencies:
      leaflet: ^1.3.1

  leaflet@1.9.4:
    resolution: {integrity: sha512-nxS1ynzJOmOlHp+iL3FyWqK89GtNL8U8rvlMOsQdTTssxZwCXh8N2NB3GDQOL+YR3XnWyZAxwQixURb+FA74PA==}

  nanoid@3.3.12:
    resolution: {integrity: sha512-ZB9RH/39qpq5Vu6Y+NmUaFhQR6pp+M2Xt76XBnEwDaGcVAqhlvxrl3B2bKS5D3NH3QR76v3aSrKaF/Kiy7lEtQ==}
    engines: {node: ^10 || ^12 || ^13.7 || ^14 || >=15.0.1}
    hasBin: true

  next@15.5.19:
    resolution: {integrity: sha512-xNOW6tYshGX1/Oi3F8uuk4gpDeWsSUE/1Z0G5uUMekIxaQ0xc03UXd9II0VQHYMWviMeA0OHpJFAKsHf8bTYVg==}
    engines: {node: ^18.18.0 || ^19.8.0 || >= 20.0.0}
    hasBin: true
    peerDependencies:
      '@opentelemetry/api': ^1.1.0
      '@playwright/test': ^1.51.1
      babel-plugin-react-compiler: '*'
      react: ^18.2.0 || 19.0.0-rc-de68d2f4-20241204 || ^19.0.0
      react-dom: ^18.2.0 || 19.0.0-rc-de68d2f4-20241204 || ^19.0.0
      sass: ^1.3.0
    peerDependenciesMeta:
      '@opentelemetry/api':
        optional: true
      '@playwright/test':
        optional: true
      babel-plugin-react-compiler:
        optional: true
      sass:
        optional: true

  node-releases@2.0.47:
    resolution: {integrity: sha512-Uzmd6LXpouKo8EUK68IjH4+E01w/hXyV3R3g/geCJo+rXLNfh1xucB+LOzYEOQPSiUK3h/xZf0cQGcSsmyL2Og==}
    engines: {node: '>=18'}

  nth-check@2.1.1:
    resolution: {integrity: sha512-lqjrjmaOoAnWfMmBPL+XNnynZh2+swxiX3WUE0s4yEHI6m+AwrK2UZOimIRl3X/4QctVqS8AiZjFqyOGrMXb/w==}

  parse5-htmlparser2-tree-adapter@7.1.0:
    resolution: {integrity: sha512-ruw5xyKs6lrpo9x9rCZqZZnIUntICjQAd0Wsmp396Ul9lN/h+ifgVV1x1gZHi8euej6wTfpqX8j+BFQxF0NS/g==}

  parse5-parser-stream@7.1.2:
    resolution: {integrity: sha512-JyeQc9iwFLn5TbvvqACIF/VXG6abODeB3Fwmv/TGdLk2LfbWkaySGY72at4+Ty7EkPZj854u4CrICqNk2qIbow==}

  parse5@7.3.0:
    resolution: {integrity: sha512-IInvU7fabl34qmi9gY8XOVxhYyMyuH2xUNpb2q8/Y+7552KlejkRvqvD19nMoUW/uQGGbqNpA6Tufu5FL5BZgw==}

  pg-cloudflare@1.4.0:
    resolution: {integrity: sha512-Vo7z/6rrQYxpNRylp4Tlob2elzbh+N/MOQbxFVWCxS7oEx6jF53GTJFxK2WWpKuBRkmiin4Mt+xofFDjx09R0A==}

  pg-connection-string@2.13.0:
    resolution: {integrity: sha512-EMnU9E2fSULdsbErBbMaXJvFeD9B4+nPcM3f+4lsiCR0BHLPrLVjv3DbyM2hgQQviKJaTWIRRTjKjWlHg3p2ig==}

  pg-int8@1.0.1:
    resolution: {integrity: sha512-WCtabS6t3c8SkpDBUlb1kjOs7l66xsGdKpIPZsg4wR+B3+u9UAum2odSsF9tnvxg80h4ZxLWMy4pRjOsFIqQpw==}
    engines: {node: '>=4.0.0'}

  pg-pool@3.14.0:
    resolution: {integrity: sha512-gKtPkFdQPU3DksooVLi9LsjZxrsBUZIpa+7aVx+LV5pNh0KzP4Zleud2po+ConrxbuXGBJ6Hfer6hdgpIBpBaw==}
    peerDependencies:
      pg: '>=8.0'

  pg-protocol@1.14.0:
    resolution: {integrity: sha512-n5taZ1kO3s9ngDTVxsEznOqCyToTgz0FLuPq0B33COy5pPpuWJpY3/2oRBVETuOgzdqRXfWpM9HIhp2LBBT1BA==}

  pg-types@2.2.0:
    resolution: {integrity: sha512-qTAAlrEsl8s4OiEQY69wDvcMIdQN6wdz5ojQiOy6YRMuynxenON0O5oCpJI6lshc6scgAY8qvJ2On/p+CXY0GA==}
    engines: {node: '>=4'}

  pg@8.21.0:
    resolution: {integrity: sha512-AUP1EYJuHraQGsVoCQVIcM7TEJVGtDzxWtGFZd8rds9d+CCXlU5Js1rYgfLNvxy9iJrpHjGrRjoi/3BT9fRyiA==}
    engines: {node: '>= 16.0.0'}
    peerDependencies:
      pg-native: '>=3.0.1'
    peerDependenciesMeta:
      pg-native:
        optional: true

  pgpass@1.0.5:
    resolution: {integrity: sha512-FdW9r/jQZhSeohs1Z3sI1yxFQNFvMcnmfuj4WBMUTxOrAyLMaTcE1aAMBiTlbMNaXvBCQuVi0R7hd8udDSP7ug==}

  picocolors@1.1.1:
    resolution: {integrity: sha512-xceH2snhtb5M9liqDsmEw56le376mTZkEX/jEb/RxNFyegNul7eNslCXP9FDj/Lcu0X8KEyMceP2ntpaHrDEVA==}

  postcss-value-parser@4.2.0:
    resolution: {integrity: sha512-1NNCs6uurfkVbeXG4S8JFT9t19m45ICnif8zWLd5oPSZ50QnwMfK+H3jv408d4jw/7Bttv5axS5IiHoLaVNHeQ==}

  postcss@8.4.31:
    resolution: {integrity: sha512-PS08Iboia9mts/2ygV3eLpY5ghnUcfLV/EXTOW1E2qYxJKGGBUtNjN76FYHnMs36RmARn41bC0AZmn+rR0OVpQ==}
    engines: {node: ^10 || ^12 || >=14}

  postcss@8.5.15:
    resolution: {integrity: sha512-FfR8sjd4em2T6fb3I2MwAJU7HWVMr9zba+enmQeeWFfCbm+UOC/0X4DS8XtpUTMwWMGbjKYP7xjfNekzyGmB3A==}
    engines: {node: ^10 || ^12 || >=14}

  postgres-array@2.0.0:
    resolution: {integrity: sha512-VpZrUqU5A69eQyW2c5CA1jtLecCsN2U/bD6VilrFDWq5+5UIEVO7nazS3TEcHf1zuPYO/sqGvUvW62g86RXZuA==}
    engines: {node: '>=4'}

  postgres-bytea@1.0.1:
    resolution: {integrity: sha512-5+5HqXnsZPE65IJZSMkZtURARZelel2oXUEO8rH83VS/hxH5vv1uHquPg5wZs8yMAfdv971IU+kcPUczi7NVBQ==}
    engines: {node: '>=0.10.0'}

  postgres-date@1.0.7:
    resolution: {integrity: sha512-suDmjLVQg78nMK2UZ454hAG+OAW+HQPZ6n++TNDUX+L0+uUlLywnoxJKDou51Zm+zTCjrCl0Nq6J9C5hP9vK/Q==}
    engines: {node: '>=0.10.0'}

  postgres-interval@1.2.0:
    resolution: {integrity: sha512-9ZhXKM/rw350N1ovuWHbGxnGh/SNJ4cnxHiM0rxE4VN41wsg8P8zWn9hv/buK00RP4WvlOyr/RBDiptyxVbkZQ==}
    engines: {node: '>=0.10.0'}

  react-dom@19.2.7:
    resolution: {integrity: sha512-t0BRVXvbiE/o20Hfw669rLbMCDWtYZLvmJigy2f0MxsXF+71pxhR3xOkspmsO8h3ZlNzyibAmtCa3l4lYKk6gQ==}
    peerDependencies:
      react: ^19.2.7

  react-leaflet-cluster@4.1.3:
    resolution: {integrity: sha512-b3ICS7r9Fs5hBWrFPMVnmkCuDewyG3m1GaGzamXY0eryyAXDfQ+ikSkiR/mVethueIIA5MSyLok2/KsZVotspQ==}
    peerDependencies:
      '@react-leaflet/core': ^3.0.0
      leaflet: ^1.9.0
      react: ^19.0.0
      react-dom: ^19.0.0
      react-leaflet: ^5.0.0

  react-leaflet@5.0.0:
    resolution: {integrity: sha512-CWbTpr5vcHw5bt9i4zSlPEVQdTVcML390TjeDG0cK59z1ylexpqC6M1PJFjV8jD7CF+ACBFsLIDs6DRMoLEofw==}
    peerDependencies:
      leaflet: ^1.9.0
      react: ^19.0.0
      react-dom: ^19.0.0

  react@19.2.7:
    resolution: {integrity: sha512-HNe9WslTbXmFK8o8cmwgAeJFSBvt1bPdHCVKtaaV+WlAN36mpT4hcRpwbf3fY56ar2oIXzsBpOAiIRHAdY0OlQ==}
    engines: {node: '>=0.10.0'}

  safer-buffer@2.1.2:
    resolution: {integrity: sha512-YZo3K82SD7Riyi0E1EQPojLz7kpepnSQI9IyPbHHg1XXXevb5dJI7tpyN2ADxGcQbHG7vcyRHk0cbwqcQriUtg==}

  scheduler@0.27.0:
    resolution: {integrity: sha512-eNv+WrVbKu1f3vbYJT/xtiF5syA5HPIMtf9IgY/nKg0sWqzAUEvqY/xm7OcZc/qafLx/iO9FgOmeSAp4v5ti/Q==}

  semver@7.8.3:
    resolution: {integrity: sha512-wnilbGyMxzbY7dNOl7jpKbLSjcfeweJWU5j4+u5qW+6/wuGD9KzIGOyZnQVSBM9E7DtWaaH3CyHkppYrKYoxwg==}
    engines: {node: '>=10'}
    hasBin: true

  server-only@0.0.1:
    resolution: {integrity: sha512-qepMx2JxAa5jjfzxG79yPPq+8BuFToHd1hm7kI+Z4zAq1ftQiP7HcxMhDDItrbtwVeLg/cY2JnKnrcFkmiswNA==}

  sharp@0.34.5:
    resolution: {integrity: sha512-Ou9I5Ft9WNcCbXrU9cMgPBcCK8LiwLqcbywW3t4oDV37n1pzpuNLsYiAV8eODnjbtQlSDwZ2cUEeQz4E54Hltg==}
    engines: {node: ^18.17.0 || ^20.3.0 || >=21.0.0}

  source-map-js@1.2.1:
    resolution: {integrity: sha512-UXWMKhLOwVKb728IUtQPXxfYU+usdybtUrK/8uGE8CQMvrhOpwvzDBwj0QhSL7MQc7vIsISBG8VQ8+IDQxpfQA==}
    engines: {node: '>=0.10.0'}

  split2@4.2.0:
    resolution: {integrity: sha512-UcjcJOWknrNkF6PLX83qcHM6KHgVKNkV62Y8a5uYDVv9ydGQVwAHMKqHdJje1VTWpljG0WYpCDhrCdAOYH4TWg==}
    engines: {node: '>= 10.x'}

  standardwebhooks@1.0.0:
    resolution: {integrity: sha512-BbHGOQK9olHPMvQNHWul6MYlrRTAOKn03rOe4A8O3CLWhNf4YHBqq2HJKKC+sfqpxiBY52pNeesD6jIiLDz8jg==}

  std-env@3.10.0:
    resolution: {integrity: sha512-5GS12FdOZNliM5mAOxFRg7Ir0pWz8MdpYm6AY6VPkGpbA7ZzmbzNcBJQ0GPvvyWgcY7QAhCgf9Uy89I03faLkg==}

  stripe@22.2.0:
    resolution: {integrity: sha512-WFGpMOom9QZqso1kcnSwJsCdC1QHDlMoCOxBZRf3JraMzhkfw7dgSdD2a1CFZrqC+mzAfqeEtYILrZhWKIDruA==}
    engines: {node: '>=18'}
    peerDependencies:
      '@types/node': '>=18'
    peerDependenciesMeta:
      '@types/node':
        optional: true

  styled-jsx@5.1.6:
    resolution: {integrity: sha512-qSVyDTeMotdvQYoHWLNGwRFJHC+i+ZvdBRYosOFgC+Wg1vx4frN2/RG/NA7SYqqvKNLf39P2LSRA2pu6n0XYZA==}
    engines: {node: '>= 12.0.0'}
    peerDependencies:
      '@babel/core': '*'
      babel-plugin-macros: '*'
      react: '>= 16.8.0 || 17.x.x || ^18.0.0-0 || ^19.0.0-0'
    peerDependenciesMeta:
      '@babel/core':
        optional: true
      babel-plugin-macros:
        optional: true

  swr@2.3.4:
    resolution: {integrity: sha512-bYd2lrhc+VarcpkgWclcUi92wYCpOgMws9Sd1hG1ntAu0NEy+14CbotuFjshBU2kt9rYj9TSmDcybpxpeTU1fg==}
    peerDependencies:
      react: ^16.11.0 || ^17.0.0 || ^18.0.0 || ^19.0.0

  tailwindcss@4.3.0:
    resolution: {integrity: sha512-y6nxMGB1nMW9R6k96e5gdIFzcfL/gTJRNaqGes1YvkLnPVXzWgbqFF2yLC0T8G774n24cx3Pe8XrKoniCOAH+Q==}

  tslib@2.8.1:
    resolution: {integrity: sha512-oJFu94HQb+KVduSUQL7wnpmqnfmLsOA/nAh6b6EH0wCEoK0/mPeXU6c3wKDV83MkOuHPRHtSXKKU99IBazS/2w==}

  typescript@5.9.3:
    resolution: {integrity: sha512-jl1vZzPDinLr9eUt3J/t7V6FgNEw9QjvBPdysz9KfQDD41fQrC2Y4vKQdiaUpFT4bXlb1RHhLpp8wtm6M5TgSw==}
    engines: {node: '>=14.17'}
    hasBin: true

  undici-types@6.21.0:
    resolution: {integrity: sha512-iwDZqg0QAGrg9Rav5H4n0M64c3mkR59cJ6wQp+7C4nI0gsmExaedaYLNO44eT4AtBBwjbTiGPMlt2Md0T9H9JQ==}

  undici@7.27.2:
    resolution: {integrity: sha512-uZsKNuzQxDMUY6M3pIMvy5tvlGmtq8XJ2oLAkfRKGNu+1VQAIvLy2xIVG5ATZl5wDXl/tddByAWCizRbOme+TA==}
    engines: {node: '>=20.18.1'}

  update-browserslist-db@1.2.3:
    resolution: {integrity: sha512-Js0m9cx+qOgDxo0eMiFGEueWztz+d4+M3rGlmKPT+T4IS/jP4ylw3Nwpu6cpTTP8R1MAC1kF4VbdLt3ARf209w==}
    hasBin: true
    peerDependencies:
      browserslist: '>= 4.21.0'

  use-sync-external-store@1.6.0:
    resolution: {integrity: sha512-Pp6GSwGP/NrPIrxVFAIkOQeyw8lFenOHijQWkUTrDvrF4ALqylP2C/KCkeS9dpUM3KvYRQhna5vt7IL95+ZQ9w==}
    peerDependencies:
      react: ^16.8.0 || ^17.0.0 || ^18.0.0 || ^19.0.0

  whatwg-encoding@3.1.1:
    resolution: {integrity: sha512-6qN4hJdMwfYBtE3YBTTHhoeuUrDBPZmbQaxWAqSALV/MeEnR5z1xd8UKud2RAkFoPkmB+hli1TZSnyi84xz1vQ==}
    engines: {node: '>=18'}
    deprecated: Use @exodus/bytes instead for a more spec-conformant and faster implementation

  whatwg-mimetype@4.0.0:
    resolution: {integrity: sha512-QaKxh0eNIi2mE9p2vEdzfagOKHCcj1pJ56EEHGQOVxp8r9/iszLUUV7v89x9O1p/T+NlTM5W7jW6+cz4Fq1YVg==}
    engines: {node: '>=18'}

  xtend@4.0.2:
    resolution: {integrity: sha512-LKYU1iAXJXUgAXn9URjiu+MWhyUXHsvfp7mcuYm9dSUKK0/CjtrUwFAxD82/mCWbtLsGjFIad0wIsod4zrTAEQ==}
    engines: {node: '>=0.4'}

snapshots:

  '@capacitor/app@8.1.0(@capacitor/core@8.4.0)':
    dependencies:
      '@capacitor/core': 8.4.0

  '@capacitor/core@8.4.0':
    dependencies:
      tslib: 2.8.1

  '@capacitor/haptics@8.0.2(@capacitor/core@8.4.0)':
    dependencies:
      '@capacitor/core': 8.4.0

  '@capacitor/splash-screen@8.0.1(@capacitor/core@8.4.0)':
    dependencies:
      '@capacitor/core': 8.4.0

  '@capacitor/status-bar@8.0.2(@capacitor/core@8.4.0)':
    dependencies:
      '@capacitor/core': 8.4.0

  '@clerk/backend@3.5.0(react-dom@19.2.7(react@19.2.7))(react@19.2.7)':
    dependencies:
      '@clerk/shared': 4.15.0(react-dom@19.2.7(react@19.2.7))(react@19.2.7)
      standardwebhooks: 1.0.0
      tslib: 2.8.1
    transitivePeerDependencies:
      - react
      - react-dom

  '@clerk/nextjs@7.4.3(next@15.5.19(react-dom@19.2.7(react@19.2.7))(react@19.2.7))(react-dom@19.2.7(react@19.2.7))(react@19.2.7)':
    dependencies:
      '@clerk/backend': 3.5.0(react-dom@19.2.7(react@19.2.7))(react@19.2.7)
      '@clerk/react': 6.7.3(react-dom@19.2.7(react@19.2.7))(react@19.2.7)
      '@clerk/shared': 4.15.0(react-dom@19.2.7(react@19.2.7))(react@19.2.7)
      next: 15.5.19(react-dom@19.2.7(react@19.2.7))(react@19.2.7)
      react: 19.2.7
      react-dom: 19.2.7(react@19.2.7)
      server-only: 0.0.1
      tslib: 2.8.1

  '@clerk/react@6.7.3(react-dom@19.2.7(react@19.2.7))(react@19.2.7)':
    dependencies:
      '@clerk/shared': 4.15.0(react-dom@19.2.7(react@19.2.7))(react@19.2.7)
      react: 19.2.7
      react-dom: 19.2.7(react@19.2.7)
      tslib: 2.8.1

  '@clerk/shared@3.47.7(react-dom@19.2.7(react@19.2.7))(react@19.2.7)':
    dependencies:
      csstype: 3.1.3
      dequal: 2.0.3
      glob-to-regexp: 0.4.1
      js-cookie: 3.0.7
      std-env: 3.10.0
      swr: 2.3.4(react@19.2.7)
    optionalDependencies:
      react: 19.2.7
      react-dom: 19.2.7(react@19.2.7)

  '@clerk/shared@4.15.0(react-dom@19.2.7(react@19.2.7))(react@19.2.7)':
    dependencies:
      '@tanstack/query-core': 5.101.0
      dequal: 2.0.3
      glob-to-regexp: 0.4.1
      js-cookie: 3.0.7
    optionalDependencies:
      react: 19.2.7
      react-dom: 19.2.7(react@19.2.7)

  '@clerk/themes@2.4.57(react-dom@19.2.7(react@19.2.7))(react@19.2.7)':
    dependencies:
      '@clerk/shared': 3.47.7(react-dom@19.2.7(react@19.2.7))(react@19.2.7)
      tslib: 2.8.1
    transitivePeerDependencies:
      - react
      - react-dom

  '@emnapi/runtime@1.11.0':
    dependencies:
      tslib: 2.8.1
    optional: true

  '@img/colour@1.1.0':
    optional: true

  '@img/sharp-darwin-arm64@0.34.5':
    optionalDependencies:
      '@img/sharp-libvips-darwin-arm64': 1.2.4
    optional: true

  '@img/sharp-darwin-x64@0.34.5':
    optionalDependencies:
      '@img/sharp-libvips-darwin-x64': 1.2.4
    optional: true

  '@img/sharp-libvips-darwin-arm64@1.2.4':
    optional: true

  '@img/sharp-libvips-darwin-x64@1.2.4':
    optional: true

  '@img/sharp-libvips-linux-arm64@1.2.4':
    optional: true

  '@img/sharp-libvips-linux-arm@1.2.4':
    optional: true

  '@img/sharp-libvips-linux-ppc64@1.2.4':
    optional: true

  '@img/sharp-libvips-linux-riscv64@1.2.4':
    optional: true

  '@img/sharp-libvips-linux-s390x@1.2.4':
    optional: true

  '@img/sharp-libvips-linux-x64@1.2.4':
    optional: true

  '@img/sharp-libvips-linuxmusl-arm64@1.2.4':
    optional: true

  '@img/sharp-libvips-linuxmusl-x64@1.2.4':
    optional: true

  '@img/sharp-linux-arm64@0.34.5':
    optionalDependencies:
      '@img/sharp-libvips-linux-arm64': 1.2.4
    optional: true

  '@img/sharp-linux-arm@0.34.5':
    optionalDependencies:
      '@img/sharp-libvips-linux-arm': 1.2.4
    optional: true

  '@img/sharp-linux-ppc64@0.34.5':
    optionalDependencies:
      '@img/sharp-libvips-linux-ppc64': 1.2.4
    optional: true

  '@img/sharp-linux-riscv64@0.34.5':
    optionalDependencies:
      '@img/sharp-libvips-linux-riscv64': 1.2.4
    optional: true

  '@img/sharp-linux-s390x@0.34.5':
    optionalDependencies:
      '@img/sharp-libvips-linux-s390x': 1.2.4
    optional: true

  '@img/sharp-linux-x64@0.34.5':
    optionalDependencies:
      '@img/sharp-libvips-linux-x64': 1.2.4
    optional: true

  '@img/sharp-linuxmusl-arm64@0.34.5':
    optionalDependencies:
      '@img/sharp-libvips-linuxmusl-arm64': 1.2.4
    optional: true

  '@img/sharp-linuxmusl-x64@0.34.5':
    optionalDependencies:
      '@img/sharp-libvips-linuxmusl-x64': 1.2.4
    optional: true

  '@img/sharp-wasm32@0.34.5':
    dependencies:
      '@emnapi/runtime': 1.11.0
    optional: true

  '@img/sharp-win32-arm64@0.34.5':
    optional: true

  '@img/sharp-win32-ia32@0.34.5':
    optional: true

  '@img/sharp-win32-x64@0.34.5':
    optional: true

  '@next/env@15.5.19': {}

  '@next/swc-darwin-arm64@15.5.19':
    optional: true

  '@next/swc-darwin-x64@15.5.19':
    optional: true

  '@next/swc-linux-arm64-gnu@15.5.19':
    optional: true

  '@next/swc-linux-arm64-musl@15.5.19':
    optional: true

  '@next/swc-linux-x64-gnu@15.5.19':
    optional: true

  '@next/swc-linux-x64-musl@15.5.19':
    optional: true

  '@next/swc-win32-arm64-msvc@15.5.19':
    optional: true

  '@next/swc-win32-x64-msvc@15.5.19':
    optional: true

  '@react-leaflet/core@3.0.0(leaflet@1.9.4)(react-dom@19.2.7(react@19.2.7))(react@19.2.7)':
    dependencies:
      leaflet: 1.9.4
      react: 19.2.7
      react-dom: 19.2.7(react@19.2.7)

  '@stablelib/base64@1.0.1': {}

  '@supabase/auth-js@2.108.0':
    dependencies:
      tslib: 2.8.1

  '@supabase/functions-js@2.108.0':
    dependencies:
      tslib: 2.8.1

  '@supabase/phoenix@0.4.2': {}

  '@supabase/postgrest-js@2.108.0':
    dependencies:
      tslib: 2.8.1

  '@supabase/realtime-js@2.108.0':
    dependencies:
      '@supabase/phoenix': 0.4.2
      tslib: 2.8.1

  '@supabase/storage-js@2.108.0':
    dependencies:
      iceberg-js: 0.8.1
      tslib: 2.8.1

  '@supabase/supabase-js@2.108.0':
    dependencies:
      '@supabase/auth-js': 2.108.0
      '@supabase/functions-js': 2.108.0
      '@supabase/postgrest-js': 2.108.0
      '@supabase/realtime-js': 2.108.0
      '@supabase/storage-js': 2.108.0

  '@swc/helpers@0.5.15':
    dependencies:
      tslib: 2.8.1

  '@tanstack/query-core@5.101.0': {}

  '@types/geojson@7946.0.16': {}

  '@types/leaflet.markercluster@1.5.6':
    dependencies:
      '@types/leaflet': 1.9.21

  '@types/leaflet@1.9.21':
    dependencies:
      '@types/geojson': 7946.0.16

  '@types/node@22.19.20':
    dependencies:
      undici-types: 6.21.0

  '@types/react-dom@19.2.3(@types/react@19.2.17)':
    dependencies:
      '@types/react': 19.2.17

  '@types/react@19.2.17':
    dependencies:
      csstype: 3.2.3

  autoprefixer@10.5.0(postcss@8.5.15):
    dependencies:
      browserslist: 4.28.2
      caniuse-lite: 1.0.30001797
      fraction.js: 5.3.4
      picocolors: 1.1.1
      postcss: 8.5.15
      postcss-value-parser: 4.2.0

  baseline-browser-mapping@2.10.34: {}

  bcryptjs@3.0.3: {}

  boolbase@1.0.0: {}

  browserslist@4.28.2:
    dependencies:
      baseline-browser-mapping: 2.10.34
      caniuse-lite: 1.0.30001797
      electron-to-chromium: 1.5.369
      node-releases: 2.0.47
      update-browserslist-db: 1.2.3(browserslist@4.28.2)

  caniuse-lite@1.0.30001797: {}

  cheerio-select@2.1.0:
    dependencies:
      boolbase: 1.0.0
      css-select: 5.2.2
      css-what: 6.2.2
      domelementtype: 2.3.0
      domhandler: 5.0.3
      domutils: 3.2.2

  cheerio@1.2.0:
    dependencies:
      cheerio-select: 2.1.0
      dom-serializer: 2.0.0
      domhandler: 5.0.3
      domutils: 3.2.2
      encoding-sniffer: 0.2.1
      htmlparser2: 10.1.0
      parse5: 7.3.0
      parse5-htmlparser2-tree-adapter: 7.1.0
      parse5-parser-stream: 7.1.2
      undici: 7.27.2
      whatwg-mimetype: 4.0.0

  client-only@0.0.1: {}

  css-select@5.2.2:
    dependencies:
      boolbase: 1.0.0
      css-what: 6.2.2
      domhandler: 5.0.3
      domutils: 3.2.2
      nth-check: 2.1.1

  css-what@6.2.2: {}

  csstype@3.1.3: {}

  csstype@3.2.3: {}

  dequal@2.0.3: {}

  detect-libc@2.1.2:
    optional: true

  dom-serializer@2.0.0:
    dependencies:
      domelementtype: 2.3.0
      domhandler: 5.0.3
      entities: 4.5.0

  domelementtype@2.3.0: {}

  domhandler@5.0.3:
    dependencies:
      domelementtype: 2.3.0

  domutils@3.2.2:
    dependencies:
      dom-serializer: 2.0.0
      domelementtype: 2.3.0
      domhandler: 5.0.3

  electron-to-chromium@1.5.369: {}

  encoding-sniffer@0.2.1:
    dependencies:
      iconv-lite: 0.6.3
      whatwg-encoding: 3.1.1

  entities@4.5.0: {}

  entities@6.0.1: {}

  entities@7.0.1: {}

  escalade@3.2.0: {}

  fast-sha256@1.3.0: {}

  fraction.js@5.3.4: {}

  glob-to-regexp@0.4.1: {}

  htmlparser2@10.1.0:
    dependencies:
      domelementtype: 2.3.0
      domhandler: 5.0.3
      domutils: 3.2.2
      entities: 7.0.1

  iceberg-js@0.8.1: {}

  iconv-lite@0.6.3:
    dependencies:
      safer-buffer: 2.1.2

  js-cookie@3.0.7: {}

  leaflet.markercluster@1.5.3(leaflet@1.9.4):
    dependencies:
      leaflet: 1.9.4

  leaflet@1.9.4: {}

  nanoid@3.3.12: {}

  next@15.5.19(react-dom@19.2.7(react@19.2.7))(react@19.2.7):
    dependencies:
      '@next/env': 15.5.19
      '@swc/helpers': 0.5.15
      caniuse-lite: 1.0.30001797
      postcss: 8.4.31
      react: 19.2.7
      react-dom: 19.2.7(react@19.2.7)
      styled-jsx: 5.1.6(react@19.2.7)
    optionalDependencies:
      '@next/swc-darwin-arm64': 15.5.19
      '@next/swc-darwin-x64': 15.5.19
      '@next/swc-linux-arm64-gnu': 15.5.19
      '@next/swc-linux-arm64-musl': 15.5.19
      '@next/swc-linux-x64-gnu': 15.5.19
      '@next/swc-linux-x64-musl': 15.5.19
      '@next/swc-win32-arm64-msvc': 15.5.19
      '@next/swc-win32-x64-msvc': 15.5.19
      sharp: 0.34.5
    transitivePeerDependencies:
      - '@babel/core'
      - babel-plugin-macros

  node-releases@2.0.47: {}

  nth-check@2.1.1:
    dependencies:
      boolbase: 1.0.0

  parse5-htmlparser2-tree-adapter@7.1.0:
    dependencies:
      domhandler: 5.0.3
      parse5: 7.3.0

  parse5-parser-stream@7.1.2:
    dependencies:
      parse5: 7.3.0

  parse5@7.3.0:
    dependencies:
      entities: 6.0.1

  pg-cloudflare@1.4.0:
    optional: true

  pg-connection-string@2.13.0: {}

  pg-int8@1.0.1: {}

  pg-pool@3.14.0(pg@8.21.0):
    dependencies:
      pg: 8.21.0

  pg-protocol@1.14.0: {}

  pg-types@2.2.0:
    dependencies:
      pg-int8: 1.0.1
      postgres-array: 2.0.0
      postgres-bytea: 1.0.1
      postgres-date: 1.0.7
      postgres-interval: 1.2.0

  pg@8.21.0:
    dependencies:
      pg-connection-string: 2.13.0
      pg-pool: 3.14.0(pg@8.21.0)
      pg-protocol: 1.14.0
      pg-types: 2.2.0
      pgpass: 1.0.5
    optionalDependencies:
      pg-cloudflare: 1.4.0

  pgpass@1.0.5:
    dependencies:
      split2: 4.2.0

  picocolors@1.1.1: {}

  postcss-value-parser@4.2.0: {}

  postcss@8.4.31:
    dependencies:
      nanoid: 3.3.12
      picocolors: 1.1.1
      source-map-js: 1.2.1

  postcss@8.5.15:
    dependencies:
      nanoid: 3.3.12
      picocolors: 1.1.1
      source-map-js: 1.2.1

  postgres-array@2.0.0: {}

  postgres-bytea@1.0.1: {}

  postgres-date@1.0.7: {}

  postgres-interval@1.2.0:
    dependencies:
      xtend: 4.0.2

  react-dom@19.2.7(react@19.2.7):
    dependencies:
      react: 19.2.7
      scheduler: 0.27.0

  react-leaflet-cluster@4.1.3(@react-leaflet/core@3.0.0(leaflet@1.9.4)(react-dom@19.2.7(react@19.2.7))(react@19.2.7))(leaflet@1.9.4)(react-dom@19.2.7(react@19.2.7))(react-leaflet@5.0.0(leaflet@1.9.4)(react-dom@19.2.7(react@19.2.7))(react@19.2.7))(react@19.2.7):
    dependencies:
      '@react-leaflet/core': 3.0.0(leaflet@1.9.4)(react-dom@19.2.7(react@19.2.7))(react@19.2.7)
      leaflet: 1.9.4
      leaflet.markercluster: 1.5.3(leaflet@1.9.4)
      react: 19.2.7
      react-dom: 19.2.7(react@19.2.7)
      react-leaflet: 5.0.0(leaflet@1.9.4)(react-dom@19.2.7(react@19.2.7))(react@19.2.7)

  react-leaflet@5.0.0(leaflet@1.9.4)(react-dom@19.2.7(react@19.2.7))(react@19.2.7):
    dependencies:
      '@react-leaflet/core': 3.0.0(leaflet@1.9.4)(react-dom@19.2.7(react@19.2.7))(react@19.2.7)
      leaflet: 1.9.4
      react: 19.2.7
      react-dom: 19.2.7(react@19.2.7)

  react@19.2.7: {}

  safer-buffer@2.1.2: {}

  scheduler@0.27.0: {}

  semver@7.8.3:
    optional: true

  server-only@0.0.1: {}

  sharp@0.34.5:
    dependencies:
      '@img/colour': 1.1.0
      detect-libc: 2.1.2
      semver: 7.8.3
    optionalDependencies:
      '@img/sharp-darwin-arm64': 0.34.5
      '@img/sharp-darwin-x64': 0.34.5
      '@img/sharp-libvips-darwin-arm64': 1.2.4
      '@img/sharp-libvips-darwin-x64': 1.2.4
      '@img/sharp-libvips-linux-arm': 1.2.4
      '@img/sharp-libvips-linux-arm64': 1.2.4
      '@img/sharp-libvips-linux-ppc64': 1.2.4
      '@img/sharp-libvips-linux-riscv64': 1.2.4
      '@img/sharp-libvips-linux-s390x': 1.2.4
      '@img/sharp-libvips-linux-x64': 1.2.4
      '@img/sharp-libvips-linuxmusl-arm64': 1.2.4
      '@img/sharp-libvips-linuxmusl-x64': 1.2.4
      '@img/sharp-linux-arm': 0.34.5
      '@img/sharp-linux-arm64': 0.34.5
      '@img/sharp-linux-ppc64': 0.34.5
      '@img/sharp-linux-riscv64': 0.34.5
      '@img/sharp-linux-s390x': 0.34.5
      '@img/sharp-linux-x64': 0.34.5
      '@img/sharp-linuxmusl-arm64': 0.34.5
      '@img/sharp-linuxmusl-x64': 0.34.5
      '@img/sharp-wasm32': 0.34.5
      '@img/sharp-win32-arm64': 0.34.5
      '@img/sharp-win32-ia32': 0.34.5
      '@img/sharp-win32-x64': 0.34.5
    optional: true

  source-map-js@1.2.1: {}

  split2@4.2.0: {}

  standardwebhooks@1.0.0:
    dependencies:
      '@stablelib/base64': 1.0.1
      fast-sha256: 1.3.0

  std-env@3.10.0: {}

  stripe@22.2.0(@types/node@22.19.20):
    optionalDependencies:
      '@types/node': 22.19.20

  styled-jsx@5.1.6(react@19.2.7):
    dependencies:
      client-only: 0.0.1
      react: 19.2.7

  swr@2.3.4(react@19.2.7):
    dependencies:
      dequal: 2.0.3
      react: 19.2.7
      use-sync-external-store: 1.6.0(react@19.2.7)

  tailwindcss@4.3.0: {}

  tslib@2.8.1: {}

  typescript@5.9.3: {}

  undici-types@6.21.0: {}

  undici@7.27.2: {}

  update-browserslist-db@1.2.3(browserslist@4.28.2):
    dependencies:
      browserslist: 4.28.2
      escalade: 3.2.0
      picocolors: 1.1.1

  use-sync-external-store@1.6.0(react@19.2.7):
    dependencies:
      react: 19.2.7

  whatwg-encoding@3.1.1:
    dependencies:
      iconv-lite: 0.6.3

  whatwg-mimetype@4.0.0: {}

  xtend@4.0.2: {}
